// !$*UTF8*$!
{
	archiveVersion = 1;
	classes = {
	};
	objectVersion = 46;
	objects = {

/* Begin PBXBuildFile section */
		798A2AE21B99DD7D00F4131F /* main.m in Sources */ = {isa = PBXBuildFile; fileRef = 798A2AE11B99DD7D00F4131F /* main.m */; };
		798A2AE51B99DD7D00F4131F /* AppDelegate.m in Sources */ = {isa = PBXBuildFile; fileRef = 798A2AE41B99DD7D00F4131F /* AppDelegate.m */; };
		798A2AE81B99DD7D00F4131F /* ViewController.m in Sources */ = {isa = PBXBuildFile; fileRef = 798A2AE71B99DD7D00F4131F /* ViewController.m */; };
		798A2AEB1B99DD7D00F4131F /* Main.storyboard in Resources */ = {isa = PBXBuildFile; fileRef = 798A2AE91B99DD7D00F4131F /* Main.storyboard */; };
		798A2AED1B99DD7D00F4131F /* Images.xcassets in Resources */ = {isa = PBXBuildFile; fileRef = 798A2AEC1B99DD7D00F4131F /* Images.xcassets */; };
		798A2AF01B99DD7D00F4131F /* LaunchScreen.xib in Resources */ = {isa = PBXBuildFile; fileRef = 798A2AEE1B99DD7D00F4131F /* LaunchScreen.xib */; };
		798A2AFC1B99DD7E00F4131F /* DylibSearchTests.m in Sources */ = {isa = PBXBuildFile; fileRef = 798A2AFB1B99DD7E00F4131F /* DylibSearchTests.m */; };
		798A2B071B99DDB100F4131F /* SearchTableViewController.m in Sources */ = {isa = PBXBuildFile; fileRef = 798A2B061B99DDB100F4131F /* SearchTableViewController.m */; };
		798A2B0F1B99DF5000F4131F /* FileInfo.m in Sources */ = {isa = PBXBuildFile; fileRef = 798A2B0E1B99DF5000F4131F /* FileInfo.m */; };
		798A2B131B99E0A300F4131F /* cross.png in Resources */ = {isa = PBXBuildFile; fileRef = 798A2B101B99E0A300F4131F /* cross.png */; };
		798A2B141B99E0A300F4131F /* help.png in Resources */ = {isa = PBXBuildFile; fileRef = 798A2B111B99E0A300F4131F /* help.png */; };
		798A2B151B99E0A300F4131F /* ok.png in Resources */ = {isa = PBXBuildFile; fileRef = 798A2B121B99E0A300F4131F /* ok.png */; };
		798A2B181B99E3F100F4131F /* FileManager.m in Sources */ = {isa = PBXBuildFile; fileRef = 798A2B171B99E3F100F4131F /* FileManager.m */; };
		798A2B1A1B99E8FB00F4131F /* search.txt in Resources */ = {isa = PBXBuildFile; fileRef = 798A2B191B99E8FB00F4131F /* search.txt */; };
/* End PBXBuildFile section */

/* Begin PBXContainerItemProxy section */
		798A2AF61B99DD7E00F4131F /* PBXContainerItemProxy */ = {
			isa = PBXContainerItemProxy;
			containerPortal = 798A2AD41B99DD7D00F4131F /* Project object */;
			proxyType = 1;
			remoteGlobalIDString = 798A2ADB1B99DD7D00F4131F;
			remoteInfo = DylibSearch;
		};
/* End PBXContainerItemProxy section */

/* Begin PBXFileReference section */
		798A2ADC1B99DD7D00F4131F /* DylibSearch.app */ = {isa = PBXFileReference; explicitFileType = wrapper.application; includeInIndex = 0; path = DylibSearch.app; sourceTree = BUILT_PRODUCTS_DIR; };
		798A2AE01B99DD7D00F4131F /* Info.plist */ = {isa = PBXFileReference; lastKnownFileType = text.plist.xml; path = Info.plist; sourceTree = "<group>"; };
		798A2AE11B99DD7D00F4131F /* main.m */ = {isa = PBXFileReference; lastKnownFileType = sourcecode.c.objc; lineEnding = 0; path = main.m; sourceTree = "<group>"; xcLanguageSpecificationIdentifier = xcode.lang.objc; };
		798A2AE31B99DD7D00F4131F /* AppDelegate.h */ = {isa = PBXFileReference; lastKnownFileType = sourcecode.c.h; lineEnding = 0; path = AppDelegate.h; sourceTree = "<group>"; xcLanguageSpecificationIdentifier = xcode.lang.objcpp; };
		798A2AE41B99DD7D00F4131F /* AppDelegate.m */ = {isa = PBXFileReference; lastKnownFileType = sourcecode.c.objc; lineEnding = 0; path = AppDelegate.m; sourceTree = "<group>"; xcLanguageSpecificationIdentifier = xcode.lang.objc; };
		798A2AE61B99DD7D00F4131F /* ViewController.h */ = {isa = PBXFileReference; lastKnownFileType = sourcecode.c.h; lineEnding = 0; path = ViewController.h; sourceTree = "<group>"; xcLanguageSpecificationIdentifier = xcode.lang.objcpp; };
		798A2AE71B99DD7D00F4131F /* ViewController.m */ = {isa = PBXFileReference; lastKnownFileType = sourcecode.c.objc; lineEnding = 0; path = ViewController.m; sourceTree = "<group>"; xcLanguageSpecificationIdentifier = xcode.lang.objc; };
		798A2AEA1B99DD7D00F4131F /* Base */ = {isa = PBXFileReference; lastKnownFileType = file.storyboard; name = Base; path = Base.lproj/Main.storyboard; sourceTree = "<group>"; };
		798A2AEC1B99DD7D00F4131F /* Images.xcassets */ = {isa = PBXFileReference; lastKnownFileType = folder.assetcatalog; path = Images.xcassets; sourceTree = "<group>"; };
		798A2AEF1B99DD7D00F4131F /* Base */ = {isa = PBXFileReference; lastKnownFileType = file.xib; name = Base; path = Base.lproj/LaunchScreen.xib; sourceTree = "<group>"; };
		798A2AF51B99DD7E00F4131F /* DylibSearchTests.xctest */ = {isa = PBXFileReference; explicitFileType = wrapper.cfbundle; includeInIndex = 0; path = DylibSearchTests.xctest; sourceTree = BUILT_PRODUCTS_DIR; };
		798A2AFA1B99DD7E00F4131F /* Info.plist */ = {isa = PBXFileReference; lastKnownFileType = text.plist.xml; path = Info.plist; sourceTree = "<group>"; };
		798A2AFB1B99DD7E00F4131F /* DylibSearchTests.m */ = {isa = PBXFileReference; lastKnownFileType = sourcecode.c.objc; lineEnding = 0; path = DylibSearchTests.m; sourceTree = "<group>"; xcLanguageSpecificationIdentifier = xcode.lang.objc; };
		798A2B051B99DDB100F4131F /* SearchTableViewController.h */ = {isa = PBXFileReference; fileEncoding = 4; lastKnownFileType = sourcecode.c.h; lineEnding = 0; path = SearchTableViewController.h; sourceTree = "<group>"; xcLanguageSpecificationIdentifier = xcode.lang.objcpp; };
		798A2B061B99DDB100F4131F /* SearchTableViewController.m */ = {isa = PBXFileReference; fileEncoding = 4; lastKnownFileType = sourcecode.c.objc; lineEnding = 0; path = SearchTableViewController.m; sourceTree = "<group>"; xcLanguageSpecificationIdentifier = xcode.lang.objc; };
		798A2B0D1B99DF5000F4131F /* FileInfo.h */ = {isa = PBXFileReference; fileEncoding = 4; lastKnownFileType = sourcecode.c.h; lineEnding = 0; path = FileInfo.h; sourceTree = "<group>"; xcLanguageSpecificationIdentifier = xcode.lang.objcpp; };
		798A2B0E1B99DF5000F4131F /* FileInfo.m */ = {isa = PBXFileReference; fileEncoding = 4; lastKnownFileType = sourcecode.c.objc; lineEnding = 0; path = FileInfo.m; sourceTree = "<group>"; xcLanguageSpecificationIdentifier = xcode.lang.objc; };
		798A2B101B99E0A300F4131F /* cross.png */ = {isa = PBXFileReference; lastKnownFileType = image.png; path = cross.png; sourceTree = "<group>"; };
		798A2B111B99E0A300F4131F /* help.png */ = {isa = PBXFileReference; lastKnownFileType = image.png; path = help.png; sourceTree = "<group>"; };
		798A2B121B99E0A300F4131F /* ok.png */ = {isa = PBXFileReference; lastKnownFileType = image.png; path = ok.png; sourceTree = "<group>"; };
		798A2B161B99E3F100F4131F /* FileManager.h */ = {isa = PBXFileReference; fileEncoding = 4; lastKnownFileType = sourcecode.c.h; lineEnding = 0; path = FileManager.h; sourceTree = "<group>"; xcLanguageSpecificationIdentifier = xcode.lang.objcpp; };
		798A2B171B99E3F100F4131F /* FileManager.m */ = {isa = PBXFileReference; fileEncoding = 4; lastKnownFileType = sourcecode.c.objc; lineEnding = 0; path = FileManager.m; sourceTree = "<group>"; xcLanguageSpecificationIdentifier = xcode.lang.objc; };
		798A2B191B99E8FB00F4131F /* search.txt */ = {isa = PBXFileReference; fileEncoding = 4; lastKnownFileType = text; path = search.txt; sourceTree = "<group>"; };
/* End PBXFileReference section */

/* Begin PBXFrameworksBuildPhase section */
		798A2AD91B99DD7D00F4131F /* Frameworks */ = {
			isa = PBXFrameworksBuildPhase;
			buildActionMask = 2147483647;
			files = (
			);
			runOnlyForDeploymentPostprocessing = 0;
		};
		798A2AF21B99DD7E00F4131F /* Frameworks */ = {
			isa = PBXFrameworksBuildPhase;
			buildActionMask = 2147483647;
			files = (
			);
			runOnlyForDeploymentPostprocessing = 0;
		};
/* End PBXFrameworksBuildPhase section */

/* Begin PBXGroup section */
		798A2AD31B99DD7D00F4131F = {
			isa = PBXGroup;
			children = (
				798A2ADE1B99DD7D00F4131F /* DylibSearch */,
				798A2AF81B99DD7E00F4131F /* DylibSearchTests */,
				798A2ADD1B99DD7D00F4131F /* Products */,
			);
			sourceTree = "<group>";
		};
		798A2ADD1B99DD7D00F4131F /* Products */ = {
			isa = PBXGroup;
			children = (
				798A2ADC1B99DD7D00F4131F /* DylibSearch.app */,
				798A2AF51B99DD7E00F4131F /* DylibSearchTests.xctest */,
			);
			name = Products;
			sourceTree = "<group>";
		};
		798A2ADE1B99DD7D00F4131F /* DylibSearch */ = {
			isa = PBXGroup;
			children = (
				798A2B101B99E0A300F4131F /* cross.png */,
				798A2B111B99E0A300F4131F /* help.png */,
				798A2B121B99E0A300F4131F /* ok.png */,
				798A2AE31B99DD7D00F4131F /* AppDelegate.h */,
				798A2AE41B99DD7D00F4131F /* AppDelegate.m */,
				798A2AE61B99DD7D00F4131F /* ViewController.h */,
				798A2AE71B99DD7D00F4131F /* ViewController.m */,
				798A2AE91B99DD7D00F4131F /* Main.storyboard */,
				798A2AEC1B99DD7D00F4131F /* Images.xcassets */,
				798A2AEE1B99DD7D00F4131F /* LaunchScreen.xib */,
				798A2ADF1B99DD7D00F4131F /* Supporting Files */,
				798A2B051B99DDB100F4131F /* SearchTableViewController.h */,
				798A2B061B99DDB100F4131F /* SearchTableViewController.m */,
				798A2B0D1B99DF5000F4131F /* FileInfo.h */,
				798A2B0E1B99DF5000F4131F /* FileInfo.m */,
				798A2B161B99E3F100F4131F /* FileManager.h */,
				798A2B171B99E3F100F4131F /* FileManager.m */,
				798A2B191B99E8FB00F4131F /* search.txt */,
			);
			path = DylibSearch;
			sourceTree = "<group>";
		};
		798A2ADF1B99DD7D00F4131F /* Supporting Files */ = {
			isa = PBXGroup;
			children = (
				798A2AE01B99DD7D00F4131F /* Info.plist */,
				798A2AE11B99DD7D00F4131F /* main.m */,
			);
			name = "Supporting Files";
			sourceTree = "<group>";
		};
		798A2AF81B99DD7E00F4131F /* DylibSearchTests */ = {
			isa = PBXGroup;
			children = (
				798A2AFB1B99DD7E00F4131F /* DylibSearchTests.m */,
				798A2AF91B99DD7E00F4131F /* Supporting Files */,
			);
			path = DylibSearchTests;
			sourceTree = "<group>";
		};
		798A2AF91B99DD7E00F4131F /* Supporting Files */ = {
			isa = PBXGroup;
			children = (
				798A2AFA1B99DD7E00F4131F /* Info.plist */,
			);
			name = "Supporting Files";
			sourceTree = "<group>";
		};
/* End PBXGroup section */

/* Begin PBXNativeTarget section */
		798A2ADB1B99DD7D00F4131F /* DylibSearch */ = {
			isa = PBXNativeTarget;
			buildConfigurationList = 798A2AFF1B99DD7E00F4131F /* Build configuration list for PBXNativeTarget "DylibSearch" */;
			buildPhases = (
				798A2AD81B99DD7D00F4131F /* Sources */,
				798A2AD91B99DD7D00F4131F /* Frameworks */,
				798A2ADA1B99DD7D00F4131F /* Resources */,
			);
			buildRules = (
			);
			dependencies = (
			);
			name = DylibSearch;
			productName = DylibSearch;
			productReference = 798A2ADC1B99DD7D00F4131F /* DylibSearch.app */;
			productType = "com.apple.product-type.application";
		};
		798A2AF41B99DD7E00F4131F /* DylibSearchTests */ = {
			isa = PBXNativeTarget;
			buildConfigurationList = 798A2B021B99DD7E00F4131F /* Build configuration list for PBXNativeTarget "DylibSearchTests" */;
			buildPhases = (
				798A2AF11B99DD7E00F4131F /* Sources */,
				798A2AF21B99DD7E00F4131F /* Frameworks */,
				798A2AF31B99DD7E00F4131F /* Resources */,
			);
			buildRules = (
			);
			dependencies = (
				798A2AF71B99DD7E00F4131F /* PBXTargetDependency */,
			);
			name = DylibSearchTests;
			productName = DylibSearchTests;
			productReference = 798A2AF51B99DD7E00F4131F /* DylibSearchTests.xctest */;
			productType = "com.apple.product-type.bundle.unit-test";
		};
/* End PBXNativeTarget section */

/* Begin PBXProject section */
		798A2AD41B99DD7D00F4131F /* Project object */ = {
			isa = PBXProject;
			attributes = {
				LastUpgradeCheck = 0640;
				ORGANIZATIONNAME = posdorfer;
				TargetAttributes = {
					798A2ADB1B99DD7D00F4131F = {
						CreatedOnToolsVersion = 6.4;
					};
					798A2AF41B99DD7E00F4131F = {
						CreatedOnToolsVersion = 6.4;
						TestTargetID = 798A2ADB1B99DD7D00F4131F;
					};
				};
			};
			buildConfigurationList = 798A2AD71B99DD7D00F4131F /* Build configuration list for PBXProject "DylibSearch" */;
			compatibilityVersion = "Xcode 3.2";
			developmentRegion = English;
			hasScannedForEncodings = 0;
			knownRegions = (
				en,
				Base,
			);
			mainGroup = 798A2AD31B99DD7D00F4131F;
			productRefGroup = 798A2ADD1B99DD7D00F4131F /* Products */;
			projectDirPath = "";
			projectRoot = "";
			targets = (
				798A2ADB1B99DD7D00F4131F /* DylibSearch */,
				798A2AF41B99DD7E00F4131F /* DylibSearchTests */,
			);
		};
/* End PBXProject section */

/* Begin PBXResourcesBuildPhase section */
		798A2ADA1B99DD7D00F4131F /* Resources */ = {
			isa = PBXResourcesBuildPhase;
			buildActionMask = 2147483647;
			files = (
				798A2B151B99E0A300F4131F /* ok.png in Resources */,
				798A2B131B99E0A300F4131F /* cross.png in Resources */,
				798A2B1A1B99E8FB00F4131F /* search.txt in Resources */,
				798A2B141B99E0A300F4131F /* help.png in Resources */,
				798A2AEB1B99DD7D00F4131F /* Main.storyboard in Resources */,
				798A2AF01B99DD7D00F4131F /* LaunchScreen.xib in Resources */,
				798A2AED1B99DD7D00F4131F /* Images.xcassets in Resources */,
			);
			runOnlyForDeploymentPostprocessing = 0;
		};
		798A2AF31B99DD7E00F4131F /* Resources */ = {
			isa = PBXResourcesBuildPhase;
			buildActionMask = 2147483647;
			files = (
			);
			runOnlyForDeploymentPostprocessing = 0;
		};
/* End PBXResourcesBuildPhase section */

/* Begin PBXSourcesBuildPhase section */
		798A2AD81B99DD7D00F4131F /* Sources */ = {
			isa = PBXSourcesBuildPhase;
			buildActionMask = 2147483647;
			files = (
				798A2AE81B99DD7D00F4131F /* ViewController.m in Sources */,
				798A2AE51B99DD7D00F4131F /* AppDelegate.m in Sources */,
				798A2B0F1B99DF5000F4131F /* FileInfo.m in Sources */,
				798A2AE21B99DD7D00F4131F /* main.m in Sources */,
				798A2B071B99DDB100F4131F /* SearchTableViewController.m in Sources */,
				798A2B181B99E3F100F4131F /* FileManager.m in Sources */,
			);
			runOnlyForDeploymentPostprocessing = 0;
		};
		798A2AF11B99DD7E00F4131F /* Sources */ = {
			isa = PBXSourcesBuildPhase;
			buildActionMask = 2147483647;
			files = (
				798A2AFC1B99DD7E00F4131F /* DylibSearchTests.m in Sources */,
			);
			runOnlyForDeploymentPostprocessing = 0;
		};
/* End PBXSourcesBuildPhase section */

/* Begin PBXTargetDependency section */
		798A2AF71B99DD7E00F4131F /* PBXTargetDependency */ = {
			isa = PBXTargetDependency;
			target = 798A2ADB1B99DD7D00F4131F /* DylibSearch */;
			targetProxy = 798A2AF61B99DD7E00F4131F /* PBXContainerItemProxy */;
		};
/* End PBXTargetDependency section */

/* Begin PBXVariantGroup section */
		798A2AE91B99DD7D00F4131F /* Main.storyboard */ = {
			isa = PBXVariantGroup;
			children = (
				798A2AEA1B99DD7D00F4131F /* Base */,
			);
			name = Main.storyboard;
			sourceTree = "<group>";
		};
		798A2AEE1B99DD7D00F4131F /* LaunchScreen.xib */ = {
			isa = PBXVariantGroup;
			children = (
				798A2AEF1B99DD7D00F4131F /* Base */,
			);
			name = LaunchScreen.xib;
			sourceTree = "<group>";
		};
/* End PBXVariantGroup section */

/* Begin XCBuildConfiguration section */
		798A2AFD1B99DD7E00F4131F /* Debug */ = {
			isa = XCBuildConfiguration;
			buildSettings = {
				ALWAYS_SEARCH_USER_PATHS = NO;
				CLANG_CXX_LANGUAGE_STANDARD = "gnu++0x";
				CLANG_CXX_LIBRARY = "libc++";
				CLANG_ENABLE_MODULES = YES;
				CLANG_ENABLE_OBJC_ARC = YES;
				CLANG_WARN_BOOL_CONVERSION = YES;
				CLANG_WARN_CONSTANT_CONVERSION = YES;
				CLANG_WARN_DIRECT_OBJC_ISA_USAGE = YES_ERROR;
				CLANG_WARN_EMPTY_BODY = YES;
				CLANG_WARN_ENUM_CONVERSION = YES;
				CLANG_WARN_INT_CONVERSION = YES;
				CLANG_WARN_OBJC_ROOT_CLASS = YES_ERROR;
				CLANG_WARN_UNREACHABLE_CODE = YES;
				CLANG_WARN__DUPLICATE_METHOD_MATCH = YES;
				"CODE_SIGN_IDENTITY[sdk=iphoneos*]" = "iPhone Developer";
				COPY_PHASE_STRIP = NO;
				DEBUG_INFORMATION_FORMAT = "dwarf-with-dsym";
				ENABLE_STRICT_OBJC_MSGSEND = YES;
				GCC_C_LANGUAGE_STANDARD = gnu99;
				GCC_DYNAMIC_NO_PIC = NO;
				GCC_NO_COMMON_BLOCKS = YES;
				GCC_OPTIMIZATION_LEVEL = 0;
				GCC_PREPROCESSOR_DEFINITIONS = (
					"DEBUG=1",
					"$(inherited)",
				);
				GCC_SYMBOLS_PRIVATE_EXTERN = NO;
				GCC_WARN_64_TO_32_BIT_CONVERSION = YES;
				GCC_WARN_ABOUT_RETURN_TYPE = YES_ERROR;
				GCC_WARN_UNDECLARED_SELECTOR = YES;
				GCC_WARN_UNINITIALIZED_AUTOS = YES_AGGRESSIVE;
				GCC_WARN_UNUSED_FUNCTION = YES;
				GCC_WARN_UNUSED_VARIABLE = YES;
				IPHONEOS_DEPLOYMENT_TARGET = 8.4;
				MTL_ENABLE_DEBUG_INFO = YES;
				ONLY_ACTIVE_ARCH = YES;
				SDKROOT = iphoneos;
				TARGETED_DEVICE_FAMILY = "1,2";
			};
			name = Debug;
		};
		798A2AFE1B99DD7E00F4131F /* Release */ = {
			isa = XCBuildConfiguration;
			buildSettings = {
				ALWAYS_SEARCH_USER_PATHS = NO;
				CLANG_CXX_LANGUAGE_STANDARD = "gnu++0x";
				CLANG_CXX_LIBRARY = "libc++";
				CLANG_ENABLE_MODULES = YES;
				CLANG_ENABLE_OBJC_ARC = YES;
				CLANG_WARN_BOOL_CONVERSION = YES;
				CLANG_WARN_CONSTANT_CONVERSION = YES;
				CLANG_WARN_DIRECT_OBJC_ISA_USAGE = YES_ERROR;
				CLANG_WARN_EMPTY_BODY = YES;
				CLANG_WARN_ENUM_CONVERSION = YES;
				CLANG_WARN_INT_CONVERSION = YES;
				CLANG_WARN_OBJC_ROOT_CLASS = YES_ERROR;
				CLANG_WARN_UNREACHABLE_CODE = YES;
				CLANG_WARN__DUPLICATE_METHOD_MATCH = YES;
				"CODE_SIGN_IDENTITY[sdk=iphoneos*]" = "iPhone Developer";
				COPY_PHASE_STRIP = NO;
				DEBUG_INFORMATION_FORMAT = "dwarf-with-dsym";
				ENABLE_NS_ASSERTIONS = NO;
				ENABLE_STRICT_OBJC_MSGSEND = YES;
				GCC_C_LANGUAGE_STANDARD = gnu99;
				GCC_NO_COMMON_BLOCKS = YES;
				GCC_WARN_64_TO_32_BIT_CONVERSION = YES;
				GCC_WARN_ABOUT_RETURN_TYPE = YES_ERROR;
				GCC_WARN_UNDECLARED_SELECTOR = YES;
				GCC_WARN_UNINITIALIZED_AUTOS = YES_AGGRESSIVE;
				GCC_WARN_UNUSED_FUNCTION = YES;
				GCC_WARN_UNUSED_VARIABLE = YES;
				IPHONEOS_DEPLOYMENT_TARGET = 8.4;
				MTL_ENABLE_DEBUG_INFO = NO;
				SDKROOT = iphoneos;
				TARGETED_DEVICE_FAMILY = "1,2";
				VALIDATE_PRODUCT = YES;
			};
			name = Release;
		};
		798A2B001B99DD7E00F4131F /* Debug */ = {
			isa = XCBuildConfiguration;
			buildSettings = {
				ASSETCATALOG_COMPILER_APPICON_NAME = AppIcon;
				INFOPLIST_FILE = DylibSearch/Info.plist;
				LD_RUNPATH_SEARCH_PATHS = "$(inherited) @executable_path/Frameworks";
				PRODUCT_NAME = "$(TARGET_NAME)";
			};
			name = Debug;
		};
		798A2B011B99DD7E00F4131F /* Release */ = {
			isa = XCBuildConfiguration;
			buildSettings = {
				ASSETCATALOG_COMPILER_APPICON_NAME = AppIcon;
				INFOPLIST_FILE = DylibSearch/Info.plist;
				LD_RUNPATH_SEARCH_PATHS = "$(inherited) @executable_path/Frameworks";
				PRODUCT_NAME = "$(TARGET_NAME)";
			};
			name = Release;
		};
		798A2B031B99DD7E00F4131F /* Debug */ = {
			isa = XCBuildConfiguration;
			buildSettings = {
				BUNDLE_LOADER = "$(TEST_HOST)";
				FRAMEWORK_SEARCH_PATHS = (
					"$(SDKROOT)/Developer/Library/Frameworks",
					"$(inherited)",
				);
				GCC_PREPROCESSOR_DEFINITIONS = (
					"DEBUG=1",
					"$(inherited)",
				);
				INFOPLIST_FILE = DylibSearchTests/Info.plist;
				LD_RUNPATH_SEARCH_PATHS = "$(inherited) @executable_path/Frameworks @loader_path/Frameworks";
				PRODUCT_NAME = "$(TARGET_NAME)";
				TEST_HOST = "$(BUILT_PRODUCTS_DIR)/DylibSearch.app/DylibSearch";
			};
			name = Debug;
		};
		798A2B041B99DD7E00F4131F /* Release */ = {
			isa = XCBuildConfiguration;
			buildSettings = {
				BUNDLE_LOADER = "$(TEST_HOST)";
				FRAMEWORK_SEARCH_PATHS = (
					"$(SDKROOT)/Developer/Library/Frameworks",
					"$(inherited)",
				);
				INFOPLIST_FILE = DylibSearchTests/Info.plist;
				LD_RUNPATH_SEARCH_PATHS = "$(inherited) @executable_path/Frameworks @loader_path/Frameworks";
				PRODUCT_NAME = "$(TARGET_NAME)";
				TEST_HOST = "$(BUILT_PRODUCTS_DIR)/DylibSearch.app/DylibSearch";
			};
			name = Release;
		};
/* End XCBuildConfiguration section */

/* Begin XCConfigurationList section */
		798A2AD71B99DD7D00F4131F /* Build configuration list for PBXProject "DylibSearch" */ = {
			isa = XCConfigurationList;
			buildConfigurations = (
				798A2AFD1B99DD7E00F4131F /* Debug */,
				798A2AFE1B99DD7E00F4131F /* Release */,
			);
			defaultConfigurationIsVisible = 0;
			defaultConfigurationName = Release;
		};
		798A2AFF1B99DD7E00F4131F /* Build configuration list for PBXNativeTarget "DylibSearch" */ = {
			isa = XCConfigurationList;
			buildConfigurations = (
				798A2B001B99DD7E00F4131F /* Debug */,
				798A2B011B99DD7E00F4131F /* Release */,
			);
			defaultConfigurationIsVisible = 0;
		};
		798A2B021B99DD7E00F4131F /* Build configuration list for PBXNativeTarget "DylibSearchTests" */ = {
			isa = XCConfigurationList;
			buildConfigurations = (
				798A2B031B99DD7E00F4131F /* Debug */,
				798A2B041B99DD7E00F4131F /* Release */,
			);
			defaultConfigurationIsVisible = 0;
		};
/* End XCConfigurationList section */
	};
	rootObject = 798A2AD41B99DD7D00F4131F /* Project object */;
}
